
Microsoft Visual Studio Solution File, Format Version 12.00
# Visual Studio 15
VisualStudioVersion = 15.0.28307.438
MinimumVisualStudioVersion = 10.0.40219.1
Project("{FAE04EC0-301F-11D3-BF4B-00C04F79EFBC}") = "CompanyStructureApp", "CompanyStructureApp\CompanyStructureApp.csproj", "{9397B7D4-6239-44B4-8E37-DABD89216253}"
EndProject
Project("{FAE04EC0-301F-11D3-BF4B-00C04F79EFBC}") = "CompanyStructureCore", "CompanyStructureCore\CompanyStructureCore.csproj", "{618988EB-5D8A-4AEA-B72D-6D6140ABEA94}"
EndProject
Project("{FAE04EC0-301F-11D3-BF4B-00C04F79EFBC}") = "Data", "Data\Data.csproj", "{CAEAA93A-CDD2-4539-8C68-5DCA9DB06353}"
EndProject
Project("{2150E333-8FDC-42A3-9474-1A3956D46DE8}") = "Solution Items", "Solution Items", "{FDCC18ED-DD3B-4231-8BF9-E85AECA645B6}"
	ProjectSection(SolutionItems) = preProject
		SqlScript.sql = SqlScript.sql
	EndProjectSection
EndProject
Global
	GlobalSection(SolutionConfigurationPlatforms) = preSolution
		Debug|Any CPU = Debug|Any CPU
		Release|Any CPU = Release|Any CPU
	EndGlobalSection
	GlobalSection(ProjectConfigurationPlatforms) = postSolution
		{9397B7D4-6239-44B4-8E37-DABD89216253}.Debug|Any CPU.ActiveCfg = Debug|Any CPU
		{9397B7D4-6239-44B4-8E37-DABD89216253}.Debug|Any CPU.Build.0 = Debug|Any CPU
		{9397B7D4-6239-44B4-8E37-DABD89216253}.Release|Any CPU.ActiveCfg = Release|Any CPU
		{9397B7D4-6239-44B4-8E37-DABD89216253}.Release|Any CPU.Build.0 = Release|Any CPU
		{618988EB-5D8A-4AEA-B72D-6D6140ABEA94}.Debug|Any CPU.ActiveCfg = Debug|Any CPU
		{618988EB-5D8A-4AEA-B72D-6D6140ABEA94}.Debug|Any CPU.Build.0 = Debug|Any CPU
		{618988EB-5D8A-4AEA-B72D-6D6140ABEA94}.Release|Any CPU.ActiveCfg = Release|Any CPU
		{618988EB-5D8A-4AEA-B72D-6D6140ABEA94}.Release|Any CPU.Build.0 = Release|Any CPU
		{CAEAA93A-CDD2-4539-8C68-5DCA9DB06353}.Debug|Any CPU.ActiveCfg = Debug|Any CPU
		{CAEAA93A-CDD2-4539-8C68-5DCA9DB06353}.Debug|Any CPU.Build.0 = Debug|Any CPU
		{CAEAA93A-CDD2-4539-8C68-5DCA9DB06353}.Release|Any CPU.ActiveCfg = Release|Any CPU
		{CAEAA93A-CDD2-4539-8C68-5DCA9DB06353}.Release|Any CPU.Build.0 = Release|Any CPU
	EndGlobalSection
	GlobalSection(SolutionProperties) = preSolution
		HideSolutionNode = FALSE
	EndGlobalSection
	GlobalSection(ExtensibilityGlobals) = postSolution
		SolutionGuid = {24DF457E-D437-40A4-AE15-3EE33FA40BBE}
	EndGlobalSection
EndGlobal
